
Microsoft Visual Studio Solution File, Format Version 12.00
# Visual Studio 15
VisualStudioVersion = 15.0.28010.2048
MinimumVisualStudioVersion = 10.0.40219.1
Project("{FAE04EC0-301F-11D3-BF4B-00C04F79EFBC}") = "HashSender", "HashSender\HashSender.csproj", "{3C394D6B-6A15-45F6-9291-BE6397F59A6F}"
EndProject
Global
	GlobalSection(SolutionConfigurationPlatforms) = preSolution
		Debug|Any CPU = Debug|Any CPU
		Release|Any CPU = Release|Any CPU
	EndGlobalSection
	GlobalSection(ProjectConfigurationPlatforms) = postSolution
		{3C394D6B-6A15-45F6-9291-BE6397F59A6F}.Debug|Any CPU.ActiveCfg = Debug|Any CPU
		{3C394D6B-6A15-45F6-9291-BE6397F59A6F}.Debug|Any CPU.Build.0 = Debug|Any CPU
		{3C394D6B-6A15-45F6-9291-BE6397F59A6F}.Release|Any CPU.ActiveCfg = Release|Any CPU
		{3C394D6B-6A15-45F6-9291-BE6397F59A6F}.Release|Any CPU.Build.0 = Release|Any CPU
	EndGlobalSection
	GlobalSection(SolutionProperties) = preSolution
		HideSolutionNode = FALSE
	EndGlobalSection
	GlobalSection(ExtensibilityGlobals) = postSolution
		SolutionGuid = {335C4BA0-6265-40C3-AD0E-D59D32A8DDC8}
	EndGlobalSection
EndGlobal
